{
    "_readme": [
        "This file locks the dependencies of your project to a known state",
        "Read more about it at https://getcomposer.org/doc/01-basic-usage.md#installing-dependencies",
        "This file is @generated automatically"
    ],
    "content-hash": "55c70c6d9527a13b9ae8c875d57f12f8",
    "packages": [
        {
            "name": "facebook/definition-finder",
            "version": "v2.12.4",
            "source": {
                "type": "git",
                "url": "https://github.com/hhvm/definition-finder.git",
                "reference": "8c95f87e936f31315aeedc7cb221021ab23990e4"
            },
            "dist": {
                "type": "zip",
                "url": "https://api.github.com/repos/hhvm/definition-finder/zipball/8c95f87e936f31315aeedc7cb221021ab23990e4",
                "reference": "8c95f87e936f31315aeedc7cb221021ab23990e4",
                "shasum": ""
            },
            "require": {
                "hhvm": "^4.15",
                "hhvm/hhast": "^4.21.4",
                "hhvm/hhvm-autoload": "^2.0",
                "hhvm/hsl": "^4.0",
                "hhvm/type-assert": "^3.2"
            },
            "require-dev": {
                "facebook/fbexpect": "^2.0.0",
                "hhvm/hacktest": "^1.0"
            },
            "type": "library",
            "extra": {
                "branch-alias": {
                    "dev-master": "2.x-dev"
                }
            },
            "autoload": {
                "classmap": [
                    "src/"
                ],
                "files": [
                    "autoload_files.php"
                ]
            },
            "notification-url": "https://packagist.org/downloads/",
            "license": [
                "MIT"
            ],
            "description": "Find definitions in PHP or Hack files. Useful for autoloaders.",
            "homepage": "https://github.com/hhvm/definitions-finder",
            "keywords": [
                "autoload",
                "definitions",
                "hack",
                "hhvm"
            ],
            "time": "2019-09-09T21:25:17+00:00"
        },
        {
            "name": "facebook/difflib",
            "version": "v1.2.0",
            "source": {
                "type": "git",
                "url": "https://github.com/hhvm/difflib.git",
                "reference": "b697c0ac436629c8cd9627ab31a60777431f72f6"
            },
            "dist": {
                "type": "zip",
                "url": "https://api.github.com/repos/hhvm/difflib/zipball/b697c0ac436629c8cd9627ab31a60777431f72f6",
                "reference": "b697c0ac436629c8cd9627ab31a60777431f72f6",
                "shasum": ""
            },
            "require": {
                "hhvm": "^4.8",
                "hhvm/hsl": "^4.0"
            },
            "require-dev": {
                "facebook/fbexpect": "^2.1.2",
                "hhvm/hacktest": "^1.0",
                "hhvm/hhast": "^4.0",
                "hhvm/hhvm-autoload": "^2.0"
            },
            "type": "library",
            "extra": {
                "branch-alias": {
                    "dev-master": "1.x-dev"
                }
            },
            "notification-url": "https://packagist.org/downloads/",
            "license": [
                "MIT"
            ],
            "time": "2019-07-22T20:15:27+00:00"
        },
        {
            "name": "facebook/fbmarkdown",
            "version": "v1.6.1",
            "source": {
                "type": "git",
                "url": "https://github.com/hhvm/fbmarkdown.git",
                "reference": "fd2577a127680c107d2c048216a24f6895228612"
            },
            "dist": {
                "type": "zip",
                "url": "https://api.github.com/repos/hhvm/fbmarkdown/zipball/fd2577a127680c107d2c048216a24f6895228612",
                "reference": "fd2577a127680c107d2c048216a24f6895228612",
                "shasum": ""
            },
            "require": {
                "hhvm": "^4.18",
                "hhvm/hsl": "^4.0",
                "hhvm/type-assert": "^3.1"
            },
            "require-dev": {
                "facebook/fbexpect": "^2.1.0",
                "hhvm/hacktest": "^1.0",
                "hhvm/hhast": "^4.0",
                "hhvm/hhvm-autoload": "^2.0"
            },
            "type": "library",
            "extra": {
                "branch-alias": {
                    "dev-master": "1.x-dev"
                }
            },
            "notification-url": "https://packagist.org/downloads/",
            "license": [
                "MIT"
            ],
            "description": "Markdown parser and renderer for Hack",
            "keywords": [
                "facebook",
                "gfm",
                "hack",
                "markdown"
            ],
            "time": "2019-08-29T23:00:04+00:00"
        },
        {
            "name": "facebook/hack-codegen",
            "version": "v4.3.3",
            "source": {
                "type": "git",
                "url": "https://github.com/hhvm/hack-codegen.git",
                "reference": "3a0a7b0282ccf94cf9d112f41ce51e36608414fb"
            },
            "dist": {
                "type": "zip",
                "url": "https://api.github.com/repos/hhvm/hack-codegen/zipball/3a0a7b0282ccf94cf9d112f41ce51e36608414fb",
                "reference": "3a0a7b0282ccf94cf9d112f41ce51e36608414fb",
                "shasum": ""
            },
            "require": {
                "hhvm": "^4.13.0",
                "hhvm/hhvm-autoload": "^2.0",
                "hhvm/hsl": "^4.0"
            },
            "require-dev": {
                "facebook/difflib": "^1.0",
                "facebook/fbexpect": "^2.1.0",
                "hhvm/hacktest": "^1.0",
                "hhvm/hhast": "^4.0",
                "hhvm/type-assert": "^3.1"
            },
            "bin": [
                "bin/hh-codegen-verify-signatures",
                "bin/hh-codegen-verify-signatures.hack"
            ],
            "type": "library",
            "notification-url": "https://packagist.org/downloads/",
            "authors": [
                {
                    "name": "Fred Emmott",
                    "role": "Developer"
                },
                {
                    "name": "Drew Hoskins",
                    "role": "Developer"
                },
                {
                    "name": "Gaurav Kumar",
                    "role": "Developer"
                },
                {
                    "name": "Alejandro Marcu",
                    "role": "Developer"
                },
                {
                    "name": "Matthieu Martin",
                    "role": "Developer"
                }
            ],
            "description": "Hack Codegen is a library for programatically generating Hack code",
            "keywords": [
                "code generation",
                "hack"
            ],
            "time": "2019-08-29T21:45:36+00:00"
        },
        {
            "name": "facebook/hack-http-request-response-interfaces",
            "version": "v0.2",
            "source": {
                "type": "git",
                "url": "https://github.com/hhvm/hack-http-request-response-interfaces.git",
                "reference": "c91044a1ca1c699f02914eb40a4a484eb16ca64c"
            },
            "dist": {
                "type": "zip",
                "url": "https://api.github.com/repos/hhvm/hack-http-request-response-interfaces/zipball/c91044a1ca1c699f02914eb40a4a484eb16ca64c",
                "reference": "c91044a1ca1c699f02914eb40a4a484eb16ca64c",
                "shasum": ""
            },
            "require": {
                "hhvm/hsl-experimental": "^4.0"
            },
            "require-dev": {
                "hhvm/hhast": "^4.0"
            },
            "type": "library",
            "notification-url": "https://packagist.org/downloads/",
            "description": "Common interface for HTTP messages",
            "homepage": "https://github.com/facebookexperimental/hack-http-request-response-interfaces",
            "time": "2019-02-13T00:10:02+00:00"
        },
        {
            "name": "facebook/hack-router",
            "version": "v0.19.3",
            "source": {
                "type": "git",
                "url": "https://github.com/hhvm/hack-router.git",
                "reference": "8218bc119f614334f34e68e7b2468c084be7075d"
            },
            "dist": {
                "type": "zip",
                "url": "https://api.github.com/repos/hhvm/hack-router/zipball/8218bc119f614334f34e68e7b2468c084be7075d",
                "reference": "8218bc119f614334f34e68e7b2468c084be7075d",
                "shasum": ""
            },
            "require": {
                "facebook/hack-http-request-response-interfaces": "^0.2",
                "hhvm": "^4.18",
                "hhvm/hsl": "^4.0.0"
            },
            "require-dev": {
                "facebook/fbexpect": "^2.0",
                "hhvm/hacktest": "^1.1",
                "hhvm/hhast": "^4.0",
                "hhvm/hhvm-autoload": "^2.0.8",
                "usox/hackttp": "^0.3"
            },
            "type": "library",
            "extra": {
                "branch-alias": {
                    "dev-master": "1.x-dev"
                }
            },
            "notification-url": "https://packagist.org/downloads/",
            "license": [
                "MIT"
            ],
            "description": "URI routing for Hack",
            "homepage": "https://github.com/hhvm/hack-router",
            "keywords": [
                "hack",
                "hhvm",
                "router",
                "routing"
            ],
            "time": "2019-08-30T22:53:15+00:00"
        },
        {
            "name": "facebook/hack-router-codegen",
            "version": "v0.17.1",
            "source": {
                "type": "git",
                "url": "https://github.com/hhvm/hack-router-codegen.git",
                "reference": "dfc4a26578cf33ef39909aa7736186541f57a374"
            },
            "dist": {
                "type": "zip",
                "url": "https://api.github.com/repos/hhvm/hack-router-codegen/zipball/dfc4a26578cf33ef39909aa7736186541f57a374",
                "reference": "dfc4a26578cf33ef39909aa7736186541f57a374",
                "shasum": ""
            },
            "require": {
                "facebook/definition-finder": "^2.7",
                "facebook/hack-codegen": "^4.1.0",
                "facebook/hack-http-request-response-interfaces": "^0.2",
                "facebook/hack-router": "^0.19",
                "hhvm": "^4.13",
                "hhvm/type-assert": "^3.0"
            },
            "require-dev": {
                "facebook/fbexpect": "^2.1",
                "hhvm/hacktest": "^1.1",
                "hhvm/hhast": "^4.6",
                "hhvm/hhvm-autoload": "^2.0",
                "usox/hackttp": "^0.3"
            },
            "type": "library",
            "extra": {
                "branch-alias": {
                    "dev-master": "1.x-dev"
                }
            },
            "autoload": {
                "classmap": [
                    "src/"
                ]
            },
            "notification-url": "https://packagist.org/downloads/",
            "description": "URI routing for Hack with codegen",
            "homepage": "https://github.com/hhvm/hack-router-codegen",
            "keywords": [
                "hack",
                "hhvm",
                "router",
                "routing"
            ],
            "time": "2019-08-27T20:41:04+00:00"
        },
        {
            "name": "facebook/hh-apidoc",
            "version": "v0.5.1",
            "source": {
                "type": "git",
                "url": "https://github.com/hhvm/hh-apidoc.git",
                "reference": "afeede01e4b2d076878c6d27ff6ed3372c680061"
            },
            "dist": {
                "type": "zip",
                "url": "https://api.github.com/repos/hhvm/hh-apidoc/zipball/afeede01e4b2d076878c6d27ff6ed3372c680061",
                "reference": "afeede01e4b2d076878c6d27ff6ed3372c680061",
                "shasum": ""
            },
            "require": {
                "facebook/definition-finder": "^2.12.3",
                "facebook/fbmarkdown": "^1.0",
                "facebook/hh-clilib": "^2.1.0",
                "hhvm": "^4.14",
                "hhvm/hhast": "^4.14",
                "hhvm/hsl": "^4.0"
            },
            "require-dev": {
                "hhvm/hhvm-autoload": "^2.0"
            },
            "bin": [
                "bin/hh-apidoc",
                "bin/hh-apidoc.hack"
            ],
            "type": "library",
            "notification-url": "https://packagist.org/downloads/",
            "license": [
                "MIT"
            ],
            "time": "2019-09-09T20:12:26+00:00"
        },
        {
            "name": "facebook/hh-clilib",
            "version": "v2.2.0",
            "source": {
                "type": "git",
                "url": "https://github.com/hhvm/hh-clilib.git",
                "reference": "546265be7aa1d033f07f6b05e8c949703a0aa647"
            },
            "dist": {
                "type": "zip",
                "url": "https://api.github.com/repos/hhvm/hh-clilib/zipball/546265be7aa1d033f07f6b05e8c949703a0aa647",
                "reference": "546265be7aa1d033f07f6b05e8c949703a0aa647",
                "shasum": ""
            },
            "require": {
                "hhvm": "^4.13",
                "hhvm/hsl": "^4.0",
                "hhvm/hsl-experimental": "^4.0",
                "hhvm/type-assert": "^3.2"
            },
            "require-dev": {
                "facebook/fbexpect": "^2.1.0",
                "hhvm/hacktest": "^1.0.0",
                "hhvm/hhast": "^4.0.2"
            },
            "type": "library",
            "extra": {
                "branch-alias": {
                    "dev-master": "2.x-dev"
                }
            },
            "notification-url": "https://packagist.org/downloads/",
            "license": [
                "MIT"
            ],
            "time": "2019-07-18T18:35:31+00:00"
        },
        {
            "name": "facebook/xhp-lib",
            "version": "2.10.2",
            "source": {
                "type": "git",
                "url": "https://github.com/hhvm/xhp-lib.git",
                "reference": "81786186841f19624b0d9b4a3b4581f9f35ae6a9"
            },
            "dist": {
                "type": "zip",
                "url": "https://api.github.com/repos/hhvm/xhp-lib/zipball/81786186841f19624b0d9b4a3b4581f9f35ae6a9",
                "reference": "81786186841f19624b0d9b4a3b4581f9f35ae6a9",
                "shasum": ""
            },
            "require": {
                "hhvm": "^4.13.0",
                "hhvm/type-assert": "^3.0"
            },
            "require-dev": {
                "facebook/fbexpect": "^2.0.0",
                "hhvm/hacktest": "^1.0.0",
                "hhvm/hhvm-autoload": "^2.0"
            },
            "type": "library",
            "extra": {
                "branch-alias": {
                    "dev-master": "2.x-dev"
                }
            },
            "notification-url": "https://packagist.org/downloads/",
            "license": [
                "MIT"
            ],
            "description": "Class library for XHP",
            "homepage": "https://github.com/facebook/xhp-lib",
            "keywords": [
                "facebook",
                "hack",
                "hhvm",
                "xhp"
            ],
            "time": "2019-08-27T03:06:55+00:00"
        },
        {
            "name": "hhvm/hhast",
            "version": "v4.21.5",
            "source": {
                "type": "git",
                "url": "https://github.com/hhvm/hhast.git",
                "reference": "c60088b68da63c42a9e1eae5e175185d0f1dfd76"
            },
            "dist": {
                "type": "zip",
                "url": "https://api.github.com/repos/hhvm/hhast/zipball/c60088b68da63c42a9e1eae5e175185d0f1dfd76",
                "reference": "c60088b68da63c42a9e1eae5e175185d0f1dfd76",
                "shasum": ""
            },
            "require": {
                "facebook/difflib": "^1.0.0",
                "facebook/hh-clilib": "^2.0.0",
                "hhvm": "^4.21",
                "hhvm/hhvm-autoload": "^2.0.4",
                "hhvm/hsl": "^4.0",
                "hhvm/hsl-experimental": "^4.5",
                "hhvm/type-assert": "^3.4"
            },
            "require-dev": {
                "facebook/fbexpect": "^2.1.1",
                "facebook/hack-codegen": "^4.0",
                "hhvm/hacktest": "^1.3"
            },
            "bin": [
                "bin/hhast-lint",
                "bin/hhast-lint.hack",
                "bin/hhast-inspect",
                "bin/hhast-inspect.hack",
                "bin/hhast-migrate",
                "bin/hhast-migrate.hack"
            ],
            "type": "library",
            "extra": {
                "branch-alias": {
                    "dev-master": "4.x-dev"
                }
            },
            "notification-url": "https://packagist.org/downloads/",
            "license": [
                "MIT"
            ],
            "time": "2019-09-09T16:09:25+00:00"
        },
        {
            "name": "hhvm/hhvm-autoload",
            "version": "v2.0.8",
            "source": {
                "type": "git",
                "url": "https://github.com/hhvm/hhvm-autoload.git",
                "reference": "b5c0fb858e554c9b36a349aab2775c3914c7b2bf"
            },
            "dist": {
                "type": "zip",
                "url": "https://api.github.com/repos/hhvm/hhvm-autoload/zipball/b5c0fb858e554c9b36a349aab2775c3914c7b2bf",
                "reference": "b5c0fb858e554c9b36a349aab2775c3914c7b2bf",
                "shasum": ""
            },
            "require": {
                "composer-plugin-api": "^1.0",
                "hhvm": "^4.5",
                "hhvm/hsl": "^4.0"
            },
            "replace": {
                "facebook/hhvm-autoload": "1.*"
            },
            "require-dev": {
                "facebook/fbexpect": "^2.1",
                "hhvm/hacktest": "^1.0"
            },
            "bin": [
                "bin/hh-autoload",
                "bin/hh-autoload.hack"
            ],
            "type": "composer-plugin",
            "extra": {
                "class": [
                    "Facebook\\AutoloadMap\\ComposerPlugin"
                ],
                "branch-alias": {
                    "dev-master": "2.x-dev"
                }
            },
            "autoload": {
                "classmap": [
                    "src/ComposerPlugin.php"
                ]
            },
            "notification-url": "https://packagist.org/downloads/",
            "time": "2019-08-28T15:08:11+00:00"
        },
        {
            "name": "hhvm/hsl",
            "version": "v4.15.2",
            "source": {
                "type": "git",
                "url": "https://github.com/hhvm/hsl.git",
                "reference": "669c0c4297bcfdff0f2af9a86ed730511fbc0a96"
            },
            "dist": {
                "type": "zip",
                "url": "https://api.github.com/repos/hhvm/hsl/zipball/669c0c4297bcfdff0f2af9a86ed730511fbc0a96",
                "reference": "669c0c4297bcfdff0f2af9a86ed730511fbc0a96",
                "shasum": ""
            },
            "require": {
                "hhvm": "^4.18"
            },
            "require-dev": {
                "facebook/fbexpect": "^2.5.1",
                "hhvm/hacktest": "^1.0",
                "hhvm/hhvm-autoload": "^2.0"
            },
            "type": "library",
            "extra": {
                "branch-alias": {
                    "dev-master": "4.x-dev"
                }
            },
            "notification-url": "https://packagist.org/downloads/",
            "license": [
                "MIT"
            ],
            "description": "The Hack Standard Library",
            "time": "2019-08-27T21:27:21+00:00"
        },
        {
            "name": "hhvm/hsl-experimental",
            "version": "v4.7.0",
            "source": {
                "type": "git",
                "url": "https://github.com/hhvm/hsl-experimental.git",
                "reference": "c6d0f561b52b27e8ef245efabf12655a02d202cf"
            },
            "dist": {
                "type": "zip",
                "url": "https://api.github.com/repos/hhvm/hsl-experimental/zipball/c6d0f561b52b27e8ef245efabf12655a02d202cf",
                "reference": "c6d0f561b52b27e8ef245efabf12655a02d202cf",
                "shasum": ""
            },
            "require": {
                "hhvm": "^4.3",
                "hhvm/hsl": "^4.7"
            },
            "require-dev": {
                "facebook/fbexpect": "^2.0",
                "hhvm/hacktest": "^1.0",
                "hhvm/hhvm-autoload": "^2.0"
            },
            "type": "library",
            "extra": {
                "branch-alias": {
                    "dev-master": "4.x-dev"
                }
            },
            "notification-url": "https://packagist.org/downloads/",
            "license": [
                "MIT"
            ],
            "description": "The Hack Standard Library - Experimental Additions",
            "time": "2019-05-31T20:11:34+00:00"
        },
        {
            "name": "hhvm/type-assert",
            "version": "v3.6.2",
            "source": {
                "type": "git",
                "url": "https://github.com/hhvm/type-assert.git",
                "reference": "289c56e0fae26a4d36399dfa7aedbac959cf1b09"
            },
            "dist": {
                "type": "zip",
                "url": "https://api.github.com/repos/hhvm/type-assert/zipball/289c56e0fae26a4d36399dfa7aedbac959cf1b09",
                "reference": "289c56e0fae26a4d36399dfa7aedbac959cf1b09",
                "shasum": ""
            },
            "require": {
                "hhvm": "^4.17",
                "hhvm/hsl": "^4.0"
            },
            "require-dev": {
                "facebook/fbexpect": "^2.0.0",
                "hhvm/hacktest": "^1.0",
                "hhvm/hhast": "^4.0",
                "hhvm/hhvm-autoload": "^2.0"
            },
            "type": "library",
            "extra": {
                "branch-alias": {
                    "dev-master": "3.x-dev"
                }
            },
            "notification-url": "https://packagist.org/downloads/",
            "license": [
                "MIT"
            ],
            "description": "Convert untyped data to typed data",
            "keywords": [
                "TypeAssert",
                "hack"
            ],
            "time": "2019-08-23T20:56:23+00:00"
        },
        {
            "name": "usox/hack-http-factory-interfaces",
            "version": "v0.2.1",
            "source": {
                "type": "git",
                "url": "https://github.com/usox/hack-http-factory-interfaces.git",
                "reference": "ff15a201bfb6ef6b829b299639a49ba625505914"
            },
            "dist": {
                "type": "zip",
                "url": "https://api.github.com/repos/usox/hack-http-factory-interfaces/zipball/ff15a201bfb6ef6b829b299639a49ba625505914",
                "reference": "ff15a201bfb6ef6b829b299639a49ba625505914",
                "shasum": ""
            },
            "require": {
                "facebook/hack-http-request-response-interfaces": "^0.2",
                "hhvm": "^4.0"
            },
            "type": "library",
            "autoload": {
                "psr-4": {
                    "Usox\\HackHttpFactory\\": "src/"
                }
            },
            "notification-url": "https://packagist.org/downloads/",
            "license": [
                "MIT"
            ],
            "authors": [
                {
                    "name": "Daniel Jakob",
                    "email": "dev@usox.org"
                }
            ],
            "description": "PSR-17 like http factory interfaces",
            "homepage": "https://github.com/usox/hack-http-factory-interfaces",
            "keywords": [
                "factory",
                "hack",
                "hhvm",
                "http"
            ],
            "time": "2019-02-24T10:46:51+00:00"
        },
        {
            "name": "usox/hackttp",
            "version": "v0.3.0",
            "source": {
                "type": "git",
                "url": "https://github.com/usox/hackttp.git",
                "reference": "dbb0575a88c85cd5a0b7e3f7fd863db0bcf80cd9"
            },
            "dist": {
                "type": "zip",
                "url": "https://api.github.com/repos/usox/hackttp/zipball/dbb0575a88c85cd5a0b7e3f7fd863db0bcf80cd9",
                "reference": "dbb0575a88c85cd5a0b7e3f7fd863db0bcf80cd9",
                "shasum": ""
            },
            "require": {
                "facebook/hack-http-request-response-interfaces": "^0.2",
                "hhvm": "^4.0",
                "hhvm/hsl": "^4.0",
                "hhvm/hsl-experimental": "^4.0",
                "hhvm/type-assert": "^3.2",
                "usox/hack-http-factory-interfaces": "^0.2"
            },
            "require-dev": {
                "hhvm/hhast": "^4.0",
                "usox/hackmock": "^1.2"
            },
            "type": "library",
            "autoload": {
                "psr-4": {
                    "Usox\\HackTTP\\": "src/"
                }
            },
            "notification-url": "https://packagist.org/downloads/",
            "license": [
                "MIT"
            ],
            "authors": [
                {
                    "name": "Daniel Jakob",
                    "role": "Developer",
                    "email": "dev@usox.org"
                }
            ],
            "description": "Work in progress demo implementation of facebookexperimental/hack-http-request-response-interfaces",
            "homepage": "https://github.com/usox/hackttp",
            "keywords": [
                "hack",
                "hacklang",
                "hhvm",
                "http",
                "message",
                "request",
                "response",
                "stream"
            ],
            "time": "2019-02-13T10:19:01+00:00"
        }
    ],
    "packages-dev": [
        {
            "name": "facebook/fbexpect",
            "version": "v2.6.0",
            "source": {
                "type": "git",
                "url": "https://github.com/hhvm/fbexpect.git",
                "reference": "734f566f064c2ec923054b4104046d7a77dd291f"
            },
            "dist": {
                "type": "zip",
                "url": "https://api.github.com/repos/hhvm/fbexpect/zipball/734f566f064c2ec923054b4104046d7a77dd291f",
                "reference": "734f566f064c2ec923054b4104046d7a77dd291f",
                "shasum": ""
            },
            "require": {
                "facebook/difflib": "^1.0.0",
                "hhvm": "^4.13",
                "hhvm/hacktest": "^1.0",
                "hhvm/hsl": "^4.0"
            },
            "require-dev": {
                "hhvm/hhast": "^4.0",
                "hhvm/hhvm-autoload": "^2.0"
            },
            "type": "library",
            "notification-url": "https://packagist.org/downloads/",
            "license": [
                "MIT"
            ],
            "description": "Unit test helpers for Facebook projects",
            "time": "2019-07-12T22:12:09+00:00"
        },
        {
            "name": "hhvm/hacktest",
            "version": "v1.6.1",
            "source": {
                "type": "git",
                "url": "https://github.com/hhvm/hacktest.git",
                "reference": "72ab3990a6d4480d9f3a5be61c675b796d1d1314"
            },
            "dist": {
                "type": "zip",
                "url": "https://api.github.com/repos/hhvm/hacktest/zipball/72ab3990a6d4480d9f3a5be61c675b796d1d1314",
                "reference": "72ab3990a6d4480d9f3a5be61c675b796d1d1314",
                "shasum": ""
            },
            "require": {
                "facebook/hh-clilib": "^2.0.0",
                "hhvm": "^4.6",
                "hhvm/hhvm-autoload": "^2.0.2",
                "hhvm/hsl": "^4.0",
                "hhvm/type-assert": "^3.2"
            },
            "require-dev": {
                "facebook/fbexpect": "^2.3.0",
                "hhvm/hhast": "^4.0"
            },
            "bin": [
                "bin/hacktest",
                "bin/hacktest.hack"
            ],
            "type": "library",
            "extra": {
                "branch-alias": {
                    "dev-master": "1.x-dev"
                }
            },
            "notification-url": "https://packagist.org/downloads/",
            "license": [
                "MIT"
            ],
            "description": "The Hack Test Library",
            "time": "2019-07-18T18:28:33+00:00"
        }
    ],
    "aliases": [],
    "minimum-stability": "stable",
    "stability-flags": [],
    "prefer-stable": false,
    "prefer-lowest": false,
    "platform": {
        "hhvm": "4.22.*"
    },
    "platform-dev": []
}
