{
    "_readme": [
        "This file locks the dependencies of your project to a known state",
        "Read more about it at https://getcomposer.org/doc/01-basic-usage.md#installing-dependencies",
        "This file is @generated automatically"
    ],
    "content-hash": "f7c9d3bcc7b4f378fee9b0c97f576438",
    "packages": [
        {
            "name": "facebook/definition-finder",
            "version": "v2.13.1",
            "source": {
                "type": "git",
                "url": "https://github.com/hhvm/definition-finder.git",
                "reference": "ba2048eb5e84da80b79b707a1d4f5af87540e61a"
            },
            "dist": {
                "type": "zip",
                "url": "https://api.github.com/repos/hhvm/definition-finder/zipball/ba2048eb5e84da80b79b707a1d4f5af87540e61a",
                "reference": "ba2048eb5e84da80b79b707a1d4f5af87540e61a",
                "shasum": ""
            },
            "require": {
                "hhvm": "^4.29",
                "hhvm/hhast": "^4.21.4",
                "hhvm/hhvm-autoload": "^2.0",
                "hhvm/hsl": "^4.0",
                "hhvm/type-assert": "^3.2"
            },
            "require-dev": {
                "facebook/fbexpect": "^2.6.1",
                "hhvm/hacktest": "^1.0"
            },
            "type": "library",
            "extra": {
                "branch-alias": {
                    "dev-master": "2.x-dev"
                }
            },
            "autoload": {
                "classmap": [
                    "src/"
                ],
                "files": [
                    "autoload_files.php"
                ]
            },
            "notification-url": "https://packagist.org/downloads/",
            "license": [
                "MIT"
            ],
            "description": "Find definitions in PHP or Hack files. Useful for autoloaders.",
            "homepage": "https://github.com/hhvm/definitions-finder",
            "keywords": [
                "autoload",
                "definitions",
                "hack",
                "hhvm"
            ],
            "time": "2019-10-31T21:17:38+00:00"
        },
        {
            "name": "facebook/difflib",
            "version": "v1.2.0",
            "source": {
                "type": "git",
                "url": "https://github.com/hhvm/difflib.git",
                "reference": "b697c0ac436629c8cd9627ab31a60777431f72f6"
            },
            "dist": {
                "type": "zip",
                "url": "https://api.github.com/repos/hhvm/difflib/zipball/b697c0ac436629c8cd9627ab31a60777431f72f6",
                "reference": "b697c0ac436629c8cd9627ab31a60777431f72f6",
                "shasum": ""
            },
            "require": {
                "hhvm": "^4.8",
                "hhvm/hsl": "^4.0"
            },
            "require-dev": {
                "facebook/fbexpect": "^2.1.2",
                "hhvm/hacktest": "^1.0",
                "hhvm/hhast": "^4.0",
                "hhvm/hhvm-autoload": "^2.0"
            },
            "type": "library",
            "extra": {
                "branch-alias": {
                    "dev-master": "1.x-dev"
                }
            },
            "notification-url": "https://packagist.org/downloads/",
            "license": [
                "MIT"
            ],
            "time": "2019-07-22T20:15:27+00:00"
        },
        {
            "name": "facebook/fbmarkdown",
            "version": "v1.6.3",
            "source": {
                "type": "git",
                "url": "https://github.com/hhvm/fbmarkdown.git",
                "reference": "c25d39f3b38c4562b94243664651cff0710f95c6"
            },
            "dist": {
                "type": "zip",
                "url": "https://api.github.com/repos/hhvm/fbmarkdown/zipball/c25d39f3b38c4562b94243664651cff0710f95c6",
                "reference": "c25d39f3b38c4562b94243664651cff0710f95c6",
                "shasum": ""
            },
            "require": {
                "hhvm": "^4.18",
                "hhvm/hsl": "^4.0",
                "hhvm/type-assert": "^3.1"
            },
            "require-dev": {
                "facebook/fbexpect": "^2.1.0",
                "hhvm/hacktest": "^2.0",
                "hhvm/hhast": "^4.0",
                "hhvm/hhvm-autoload": "^2.0"
            },
            "type": "library",
            "extra": {
                "branch-alias": {
                    "dev-master": "1.x-dev"
                }
            },
            "notification-url": "https://packagist.org/downloads/",
            "license": [
                "MIT"
            ],
            "description": "Markdown parser and renderer for Hack",
            "keywords": [
                "facebook",
                "gfm",
                "hack",
                "markdown"
            ],
            "time": "2020-01-13T16:38:47+00:00"
        },
        {
            "name": "facebook/hack-codegen",
            "version": "v4.3.8",
            "source": {
                "type": "git",
                "url": "https://github.com/hhvm/hack-codegen.git",
                "reference": "df42dc9fe2bb6bf15ffb482637238d8378a7e4a7"
            },
            "dist": {
                "type": "zip",
                "url": "https://api.github.com/repos/hhvm/hack-codegen/zipball/df42dc9fe2bb6bf15ffb482637238d8378a7e4a7",
                "reference": "df42dc9fe2bb6bf15ffb482637238d8378a7e4a7",
                "shasum": ""
            },
            "require": {
                "hhvm": "^4.25",
                "hhvm/hhvm-autoload": "^2.0",
                "hhvm/hsl": "^4.0"
            },
            "require-dev": {
                "facebook/difflib": "^1.0",
                "facebook/fbexpect": "^2.6.1",
                "hhvm/hacktest": "^1.0",
                "hhvm/hhast": "^4.0",
                "hhvm/type-assert": "^3.1"
            },
            "bin": [
                "bin/hh-codegen-verify-signatures",
                "bin/hh-codegen-verify-signatures.hack"
            ],
            "type": "library",
            "notification-url": "https://packagist.org/downloads/",
            "authors": [
                {
                    "name": "Fred Emmott",
                    "role": "Developer"
                },
                {
                    "name": "Drew Hoskins",
                    "role": "Developer"
                },
                {
                    "name": "Gaurav Kumar",
                    "role": "Developer"
                },
                {
                    "name": "Alejandro Marcu",
                    "role": "Developer"
                },
                {
                    "name": "Matthieu Martin",
                    "role": "Developer"
                }
            ],
            "description": "Hack Codegen is a library for programatically generating Hack code",
            "keywords": [
                "code generation",
                "hack"
            ],
            "time": "2019-10-31T20:25:15+00:00"
        },
        {
            "name": "facebook/hack-http-request-response-interfaces",
            "version": "v0.2",
            "source": {
                "type": "git",
                "url": "https://github.com/hhvm/hack-http-request-response-interfaces.git",
                "reference": "c91044a1ca1c699f02914eb40a4a484eb16ca64c"
            },
            "dist": {
                "type": "zip",
                "url": "https://api.github.com/repos/hhvm/hack-http-request-response-interfaces/zipball/c91044a1ca1c699f02914eb40a4a484eb16ca64c",
                "reference": "c91044a1ca1c699f02914eb40a4a484eb16ca64c",
                "shasum": ""
            },
            "require": {
                "hhvm/hsl-experimental": "^4.0"
            },
            "require-dev": {
                "hhvm/hhast": "^4.0"
            },
            "type": "library",
            "notification-url": "https://packagist.org/downloads/",
            "description": "Common interface for HTTP messages",
            "homepage": "https://github.com/facebookexperimental/hack-http-request-response-interfaces",
            "time": "2019-02-13T00:10:02+00:00"
        },
        {
            "name": "facebook/hack-router",
            "version": "v0.19.5",
            "source": {
                "type": "git",
                "url": "https://github.com/hhvm/hack-router.git",
                "reference": "cb83d4026c4f8c8fb877aa8ba40465a99b624534"
            },
            "dist": {
                "type": "zip",
                "url": "https://api.github.com/repos/hhvm/hack-router/zipball/cb83d4026c4f8c8fb877aa8ba40465a99b624534",
                "reference": "cb83d4026c4f8c8fb877aa8ba40465a99b624534",
                "shasum": ""
            },
            "require": {
                "facebook/hack-http-request-response-interfaces": "^0.2",
                "hhvm": "^4.25",
                "hhvm/hsl": "^4.0"
            },
            "require-dev": {
                "facebook/fbexpect": "^2.0",
                "hhvm/hacktest": "^2.0",
                "hhvm/hhast": "^4.0",
                "hhvm/hhvm-autoload": "^2.0.8",
                "usox/hackttp": "^0.3"
            },
            "type": "library",
            "extra": {
                "branch-alias": {
                    "dev-master": "1.x-dev"
                }
            },
            "notification-url": "https://packagist.org/downloads/",
            "license": [
                "MIT"
            ],
            "description": "URI routing for Hack",
            "homepage": "https://github.com/hhvm/hack-router",
            "keywords": [
                "hack",
                "hhvm",
                "router",
                "routing"
            ],
            "time": "2019-11-22T17:00:45+00:00"
        },
        {
            "name": "facebook/hack-router-codegen",
            "version": "v0.17.3",
            "source": {
                "type": "git",
                "url": "https://github.com/hhvm/hack-router-codegen.git",
                "reference": "895fb7db8ff54735804f7ccd1856b889f986941e"
            },
            "dist": {
                "type": "zip",
                "url": "https://api.github.com/repos/hhvm/hack-router-codegen/zipball/895fb7db8ff54735804f7ccd1856b889f986941e",
                "reference": "895fb7db8ff54735804f7ccd1856b889f986941e",
                "shasum": ""
            },
            "require": {
                "facebook/definition-finder": "^2.7",
                "facebook/hack-codegen": "^4.1.0",
                "facebook/hack-http-request-response-interfaces": "^0.2",
                "facebook/hack-router": "^0.19",
                "hhvm": "^4.25",
                "hhvm/type-assert": "^3.0"
            },
            "require-dev": {
                "facebook/fbexpect": "^2.6.1",
                "hhvm/hacktest": "^2.0",
                "hhvm/hhast": "^4.6",
                "hhvm/hhvm-autoload": "^2.0|^3.0",
                "usox/hackttp": "^0.3"
            },
            "type": "library",
            "extra": {
                "branch-alias": {
                    "dev-master": "1.x-dev"
                }
            },
            "autoload": {
                "classmap": [
                    "src/"
                ]
            },
            "notification-url": "https://packagist.org/downloads/",
            "description": "URI routing for Hack with codegen",
            "homepage": "https://github.com/hhvm/hack-router-codegen",
            "keywords": [
                "hack",
                "hhvm",
                "router",
                "routing"
            ],
            "time": "2020-02-07T21:57:16+00:00"
        },
        {
            "name": "facebook/hh-apidoc",
            "version": "v0.6.1",
            "source": {
                "type": "git",
                "url": "https://github.com/hhvm/hh-apidoc.git",
                "reference": "0a238a4370c77761d06c7aeefdd250d3f46968f2"
            },
            "dist": {
                "type": "zip",
                "url": "https://api.github.com/repos/hhvm/hh-apidoc/zipball/0a238a4370c77761d06c7aeefdd250d3f46968f2",
                "reference": "0a238a4370c77761d06c7aeefdd250d3f46968f2",
                "shasum": ""
            },
            "require": {
                "facebook/definition-finder": "^2.13.0",
                "facebook/fbmarkdown": "^1.0",
                "facebook/hh-clilib": "^2.1.0",
                "hhvm": "^4.29",
                "hhvm/hhast": "^4.14",
                "hhvm/hsl": "^4.0"
            },
            "require-dev": {
                "hhvm/hhvm-autoload": "^2.0"
            },
            "bin": [
                "bin/hh-apidoc",
                "bin/hh-apidoc.hack"
            ],
            "type": "library",
            "notification-url": "https://packagist.org/downloads/",
            "license": [
                "MIT"
            ],
            "time": "2019-12-19T20:23:34+00:00"
        },
        {
            "name": "facebook/hh-clilib",
            "version": "v2.2.4",
            "source": {
                "type": "git",
                "url": "https://github.com/hhvm/hh-clilib.git",
                "reference": "7e5a0acdae42ab33b332f94f43cfcf25636bddee"
            },
            "dist": {
                "type": "zip",
                "url": "https://api.github.com/repos/hhvm/hh-clilib/zipball/7e5a0acdae42ab33b332f94f43cfcf25636bddee",
                "reference": "7e5a0acdae42ab33b332f94f43cfcf25636bddee",
                "shasum": ""
            },
            "require": {
                "hhvm": "^4.13",
                "hhvm/hsl": "^4.0",
                "hhvm/hsl-experimental": "^4.0",
                "hhvm/type-assert": "^3.2"
            },
            "require-dev": {
                "facebook/fbexpect": "^2.6.1",
                "hhvm/hacktest": "^1.0.0",
                "hhvm/hhast": "^4.0.2"
            },
            "type": "library",
            "extra": {
                "branch-alias": {
                    "dev-master": "2.x-dev"
                }
            },
            "notification-url": "https://packagist.org/downloads/",
            "license": [
                "MIT"
            ],
            "time": "2019-11-07T21:21:31+00:00"
        },
        {
            "name": "facebook/xhp-lib",
            "version": "v3.0.1",
            "source": {
                "type": "git",
                "url": "https://github.com/hhvm/xhp-lib.git",
                "reference": "43e2e83f09b8bb1df5559eacbe1d3b3b42f0ba10"
            },
            "dist": {
                "type": "zip",
                "url": "https://api.github.com/repos/hhvm/xhp-lib/zipball/43e2e83f09b8bb1df5559eacbe1d3b3b42f0ba10",
                "reference": "43e2e83f09b8bb1df5559eacbe1d3b3b42f0ba10",
                "shasum": ""
            },
            "require": {
                "hhvm": "^4.25",
                "hhvm/type-assert": "^3.0"
            },
            "require-dev": {
                "facebook/fbexpect": "^2.0.0",
                "hhvm/hacktest": "^2.0",
                "hhvm/hhvm-autoload": "^2.0"
            },
            "type": "library",
            "extra": {
                "branch-alias": {
                    "dev-master": "2.x-dev"
                }
            },
            "notification-url": "https://packagist.org/downloads/",
            "license": [
                "MIT"
            ],
            "description": "Class library for XHP",
            "homepage": "https://github.com/facebook/xhp-lib",
            "keywords": [
                "facebook",
                "hack",
                "hhvm",
                "xhp"
            ],
            "time": "2019-11-21T22:09:31+00:00"
        },
        {
            "name": "hhvm/hhast",
            "version": "v4.33.5",
            "source": {
                "type": "git",
                "url": "https://github.com/hhvm/hhast.git",
                "reference": "a554cc92f714e76f3b81e074af93465025534cf0"
            },
            "dist": {
                "type": "zip",
                "url": "https://api.github.com/repos/hhvm/hhast/zipball/a554cc92f714e76f3b81e074af93465025534cf0",
                "reference": "a554cc92f714e76f3b81e074af93465025534cf0",
                "shasum": ""
            },
            "require": {
                "facebook/difflib": "^1.0.0",
                "facebook/hh-clilib": "^2.0.0",
                "hhvm": "^4.33",
                "hhvm/hhvm-autoload": "^2.0.4|^3.0",
                "hhvm/hsl": "^4.25",
                "hhvm/hsl-experimental": "^4.25",
                "hhvm/type-assert": "^3.4"
            },
            "require-dev": {
                "facebook/fbexpect": "^2.1.1",
                "facebook/hack-codegen": "^4.0",
                "hhvm/hacktest": "^2.0"
            },
            "bin": [
                "bin/hhast-lint",
                "bin/hhast-lint.hack",
                "bin/hhast-inspect",
                "bin/hhast-inspect.hack",
                "bin/hhast-migrate",
                "bin/hhast-migrate.hack"
            ],
            "type": "library",
            "extra": {
                "branch-alias": {
                    "dev-master": "4.x-dev"
                }
            },
            "notification-url": "https://packagist.org/downloads/",
            "license": [
                "MIT"
            ],
            "description": "A mutable AST library for Hack with linting and code migrations",
            "time": "2020-02-07T22:29:53+00:00"
        },
        {
            "name": "hhvm/hhvm-autoload",
            "version": "v2.0.13",
            "source": {
                "type": "git",
                "url": "https://github.com/hhvm/hhvm-autoload.git",
                "reference": "816e33cd940844898b04e1c2101d2cfeb3879272"
            },
            "dist": {
                "type": "zip",
                "url": "https://api.github.com/repos/hhvm/hhvm-autoload/zipball/816e33cd940844898b04e1c2101d2cfeb3879272",
                "reference": "816e33cd940844898b04e1c2101d2cfeb3879272",
                "shasum": ""
            },
            "require": {
                "composer-plugin-api": "^1.0",
                "hhvm": "^4.25",
                "hhvm/hsl": "^4.0"
            },
            "replace": {
                "facebook/hhvm-autoload": "1.*"
            },
            "require-dev": {
                "facebook/fbexpect": "^2.1",
                "hhvm/hacktest": "^2.0"
            },
            "bin": [
                "bin/hh-autoload",
                "bin/hh-autoload.hack"
            ],
            "type": "composer-plugin",
            "extra": {
                "class": [
                    "Facebook\\AutoloadMap\\ComposerPlugin"
                ],
                "branch-alias": {
                    "dev-master": "2.x-dev"
                }
            },
            "autoload": {
                "classmap": [
                    "ComposerPlugin.php"
                ]
            },
            "notification-url": "https://packagist.org/downloads/",
            "time": "2020-02-07T20:45:31+00:00"
        },
        {
            "name": "hhvm/hsl",
            "version": "v4.40.0",
            "source": {
                "type": "git",
                "url": "https://github.com/hhvm/hsl.git",
                "reference": "b14a430062ad95c378765899f955457f3454f2f9"
            },
            "dist": {
                "type": "zip",
                "url": "https://api.github.com/repos/hhvm/hsl/zipball/b14a430062ad95c378765899f955457f3454f2f9",
                "reference": "b14a430062ad95c378765899f955457f3454f2f9",
                "shasum": ""
            },
            "require": {
                "hhvm": "^4.25"
            },
            "require-dev": {
                "facebook/fbexpect": "^2.5.1",
                "hhvm/hacktest": "^1.0|^2.0",
                "hhvm/hhvm-autoload": "^2.0",
                "hhvm/hsl-experimental": "dev-master"
            },
            "type": "library",
            "extra": {
                "branch-alias": {
                    "dev-master": "4.x-dev"
                }
            },
            "notification-url": "https://packagist.org/downloads/",
            "license": [
                "MIT"
            ],
            "description": "The Hack Standard Library",
            "time": "2020-01-08T23:12:08+00:00"
        },
        {
            "name": "hhvm/hsl-experimental",
            "version": "v4.37.1",
            "source": {
                "type": "git",
                "url": "https://github.com/hhvm/hsl-experimental.git",
                "reference": "ffbafdfc3d53fc1426f8e88129513e20320c95bb"
            },
            "dist": {
                "type": "zip",
                "url": "https://api.github.com/repos/hhvm/hsl-experimental/zipball/ffbafdfc3d53fc1426f8e88129513e20320c95bb",
                "reference": "ffbafdfc3d53fc1426f8e88129513e20320c95bb",
                "shasum": ""
            },
            "require": {
                "hhvm": "^4.25",
                "hhvm/hsl": "^4.15"
            },
            "require-dev": {
                "facebook/fbexpect": "^2.7.0",
                "hhvm/hacktest": "^2.0",
                "hhvm/hhvm-autoload": "^2.0"
            },
            "type": "library",
            "extra": {
                "branch-alias": {
                    "dev-master": "4.x-dev"
                }
            },
            "notification-url": "https://packagist.org/downloads/",
            "license": [
                "MIT"
            ],
            "description": "The Hack Standard Library - Experimental Additions",
            "time": "2020-01-27T22:15:58+00:00"
        },
        {
            "name": "hhvm/type-assert",
            "version": "v3.7.3",
            "source": {
                "type": "git",
                "url": "https://github.com/hhvm/type-assert.git",
                "reference": "e076c42ed718929dbea96c0b354ebe96cccc2335"
            },
            "dist": {
                "type": "zip",
                "url": "https://api.github.com/repos/hhvm/type-assert/zipball/e076c42ed718929dbea96c0b354ebe96cccc2335",
                "reference": "e076c42ed718929dbea96c0b354ebe96cccc2335",
                "shasum": ""
            },
            "require": {
                "hhvm": "^4.30",
                "hhvm/hsl": "^4.0"
            },
            "require-dev": {
                "facebook/fbexpect": "^2.0.0",
                "hhvm/hacktest": "^2.0",
                "hhvm/hhast": "^4.0",
                "hhvm/hhvm-autoload": "^2.0"
            },
            "type": "library",
            "extra": {
                "branch-alias": {
                    "dev-master": "3.x-dev"
                }
            },
            "notification-url": "https://packagist.org/downloads/",
            "license": [
                "MIT"
            ],
            "description": "Convert untyped data to typed data",
            "keywords": [
                "TypeAssert",
                "hack"
            ],
            "time": "2020-01-13T21:48:58+00:00"
        },
        {
            "name": "usox/hack-http-factory-interfaces",
            "version": "v0.2.1",
            "source": {
                "type": "git",
                "url": "https://github.com/usox/hack-http-factory-interfaces.git",
                "reference": "ff15a201bfb6ef6b829b299639a49ba625505914"
            },
            "dist": {
                "type": "zip",
                "url": "https://api.github.com/repos/usox/hack-http-factory-interfaces/zipball/ff15a201bfb6ef6b829b299639a49ba625505914",
                "reference": "ff15a201bfb6ef6b829b299639a49ba625505914",
                "shasum": ""
            },
            "require": {
                "facebook/hack-http-request-response-interfaces": "^0.2",
                "hhvm": "^4.0"
            },
            "type": "library",
            "autoload": {
                "psr-4": {
                    "Usox\\HackHttpFactory\\": "src/"
                }
            },
            "notification-url": "https://packagist.org/downloads/",
            "license": [
                "MIT"
            ],
            "authors": [
                {
                    "name": "Daniel Jakob",
                    "email": "dev@usox.org"
                }
            ],
            "description": "PSR-17 like http factory interfaces",
            "homepage": "https://github.com/usox/hack-http-factory-interfaces",
            "keywords": [
                "factory",
                "hack",
                "hhvm",
                "http"
            ],
            "time": "2019-02-24T10:46:51+00:00"
        },
        {
            "name": "usox/hackttp",
            "version": "0.3.5",
            "source": {
                "type": "git",
                "url": "https://github.com/usox/hackttp.git",
                "reference": "96573664182b2affe3239069a32d2dfd42fa4b7d"
            },
            "dist": {
                "type": "zip",
                "url": "https://api.github.com/repos/usox/hackttp/zipball/96573664182b2affe3239069a32d2dfd42fa4b7d",
                "reference": "96573664182b2affe3239069a32d2dfd42fa4b7d",
                "shasum": ""
            },
            "require": {
                "facebook/hack-http-request-response-interfaces": "^0.2",
                "hhvm": "^4.1",
                "hhvm/hsl": "^4.25",
                "hhvm/hsl-experimental": "^4.37",
                "hhvm/type-assert": "^3.3",
                "usox/hack-http-factory-interfaces": "^0.2"
            },
            "require-dev": {
                "hhvm/hacktest": "^1.4|^2.0",
                "hhvm/hhast": "^4.1",
                "usox/hackmock": "^1.3"
            },
            "type": "library",
            "autoload": {
                "psr-4": {
                    "Usox\\HackTTP\\": "src/"
                }
            },
            "notification-url": "https://packagist.org/downloads/",
            "license": [
                "MIT"
            ],
            "authors": [
                {
                    "name": "Daniel Jakob",
                    "email": "dev@usox.org",
                    "role": "Developer"
                }
            ],
            "description": "Work in progress demo implementation of facebookexperimental/hack-http-request-response-interfaces",
            "homepage": "https://github.com/usox/hackttp",
            "keywords": [
                "hack",
                "hacklang",
                "hhvm",
                "http",
                "message",
                "request",
                "response",
                "stream"
            ],
            "time": "2019-12-20T08:11:01+00:00"
        }
    ],
    "packages-dev": [
        {
            "name": "facebook/fbexpect",
            "version": "v2.7.3",
            "source": {
                "type": "git",
                "url": "https://github.com/hhvm/fbexpect.git",
                "reference": "11a1fcf64286943382ac2496b4c8c981763c218d"
            },
            "dist": {
                "type": "zip",
                "url": "https://api.github.com/repos/hhvm/fbexpect/zipball/11a1fcf64286943382ac2496b4c8c981763c218d",
                "reference": "11a1fcf64286943382ac2496b4c8c981763c218d",
                "shasum": ""
            },
            "require": {
                "facebook/difflib": "^1.0.0",
                "hhvm": "^4.25",
                "hhvm/hacktest": "^1.0|^2.0",
                "hhvm/hsl": "^4.0"
            },
            "require-dev": {
                "hhvm/hhast": "^4.0",
                "hhvm/hhvm-autoload": "^2.0"
            },
            "type": "library",
            "notification-url": "https://packagist.org/downloads/",
            "license": [
                "MIT"
            ],
            "description": "Unit test helpers for Facebook projects",
            "time": "2019-11-04T22:11:28+00:00"
        },
        {
            "name": "hhvm/hacktest",
            "version": "v2.0.1",
            "source": {
                "type": "git",
                "url": "https://github.com/hhvm/hacktest.git",
                "reference": "cde86b675923d56955a2f0f95840206e52bd8618"
            },
            "dist": {
                "type": "zip",
                "url": "https://api.github.com/repos/hhvm/hacktest/zipball/cde86b675923d56955a2f0f95840206e52bd8618",
                "reference": "cde86b675923d56955a2f0f95840206e52bd8618",
                "shasum": ""
            },
            "require": {
                "facebook/hh-clilib": "^2.0.0",
                "hhvm": "^4.15",
                "hhvm/hhvm-autoload": "^2.0.2|^3.0",
                "hhvm/hsl": "^4.0",
                "hhvm/type-assert": "^3.2"
            },
            "require-dev": {
                "facebook/fbexpect": "^2.3.0",
                "hhvm/hhast": "^4.0"
            },
            "bin": [
                "bin/hacktest",
                "bin/hacktest.hack"
            ],
            "type": "library",
            "extra": {
                "branch-alias": {
                    "dev-master": "2.x-dev"
                }
            },
            "notification-url": "https://packagist.org/downloads/",
            "license": [
                "MIT"
            ],
            "description": "The Hack Test Library",
            "time": "2020-02-07T21:57:16+00:00"
        }
    ],
    "aliases": [],
    "minimum-stability": "stable",
    "stability-flags": [],
    "prefer-stable": false,
    "prefer-lowest": false,
    "platform": {
        "hhvm": "4.44.*"
    },
    "platform-dev": []
}
