{
    "_readme": [
        "This file locks the dependencies of your project to a known state",
        "Read more about it at https://getcomposer.org/doc/01-basic-usage.md#installing-dependencies",
        "This file is @generated automatically"
    ],
    "content-hash": "97a49e10df661b2c3fb5e02e4e8d0bb8",
    "packages": [
        {
            "name": "facebook/definition-finder",
            "version": "v2.14.2",
            "source": {
                "type": "git",
                "url": "https://github.com/hhvm/definition-finder.git",
                "reference": "5f7708abaa7973387ddcc71ff00449852465bee4"
            },
            "dist": {
                "type": "zip",
                "url": "https://api.github.com/repos/hhvm/definition-finder/zipball/5f7708abaa7973387ddcc71ff00449852465bee4",
                "reference": "5f7708abaa7973387ddcc71ff00449852465bee4",
                "shasum": ""
            },
            "require": {
                "hhvm": "^4.78",
                "hhvm/hhast": "^4.21.4",
                "hhvm/hhvm-autoload": "^2.0|^3.0",
                "hhvm/hsl": "^4.0",
                "hhvm/type-assert": "^3.2|^4.0"
            },
            "require-dev": {
                "facebook/fbexpect": "^2.6.1",
                "hhvm/hacktest": "^2.0"
            },
            "type": "library",
            "extra": {
                "branch-alias": {
                    "dev-master": "2.x-dev"
                }
            },
            "notification-url": "https://packagist.org/downloads/",
            "license": [
                "MIT"
            ],
            "description": "Find definitions in PHP or Hack files. Useful for autoloaders.",
            "homepage": "https://github.com/hhvm/definitions-finder",
            "keywords": [
                "autoload",
                "definitions",
                "hack",
                "hhvm"
            ],
            "support": {
                "issues": "https://github.com/hhvm/definition-finder/issues",
                "source": "https://github.com/hhvm/definition-finder/tree/v2.14.2"
            },
            "time": "2021-05-03T19:37:09+00:00"
        },
        {
            "name": "facebook/difflib",
            "version": "v1.3.0",
            "source": {
                "type": "git",
                "url": "https://github.com/hhvm/difflib.git",
                "reference": "97bb1df49ac7b6fe14a5da75a08a52ec59dcd77f"
            },
            "dist": {
                "type": "zip",
                "url": "https://api.github.com/repos/hhvm/difflib/zipball/97bb1df49ac7b6fe14a5da75a08a52ec59dcd77f",
                "reference": "97bb1df49ac7b6fe14a5da75a08a52ec59dcd77f",
                "shasum": ""
            },
            "require": {
                "hhvm": "^4.56",
                "hhvm/hsl": "^4.0"
            },
            "require-dev": {
                "facebook/fbexpect": "^2.1.2",
                "hhvm/hacktest": "^2.0",
                "hhvm/hhast": "^4.0",
                "hhvm/hhvm-autoload": "^2.0|^3.0"
            },
            "type": "library",
            "extra": {
                "branch-alias": {
                    "dev-master": "1.x-dev",
                    "dev-CI_current_pull_request": "1.x-dev"
                }
            },
            "notification-url": "https://packagist.org/downloads/",
            "license": [
                "MIT"
            ],
            "support": {
                "issues": "https://github.com/hhvm/difflib/issues",
                "source": "https://github.com/hhvm/difflib/tree/v1.3.0"
            },
            "time": "2021-09-27T22:08:35+00:00"
        },
        {
            "name": "facebook/fbmarkdown",
            "version": "v1.6.5",
            "source": {
                "type": "git",
                "url": "https://github.com/hhvm/fbmarkdown.git",
                "reference": "012fd9de7ff08cb22367cc7da581b2abc90d88fd"
            },
            "dist": {
                "type": "zip",
                "url": "https://api.github.com/repos/hhvm/fbmarkdown/zipball/012fd9de7ff08cb22367cc7da581b2abc90d88fd",
                "reference": "012fd9de7ff08cb22367cc7da581b2abc90d88fd",
                "shasum": ""
            },
            "require": {
                "hhvm": "^4.25",
                "hhvm/hsl": "^4.0",
                "hhvm/type-assert": "^3.1|^4.0"
            },
            "require-dev": {
                "facebook/fbexpect": "^2.1.0",
                "hhvm/hacktest": "^2.0",
                "hhvm/hhast": "^4.0",
                "hhvm/hhvm-autoload": "^2.0|^3.0"
            },
            "type": "library",
            "extra": {
                "branch-alias": {
                    "dev-master": "1.x-dev"
                }
            },
            "notification-url": "https://packagist.org/downloads/",
            "license": [
                "MIT"
            ],
            "description": "Markdown parser and renderer for Hack",
            "keywords": [
                "facebook",
                "gfm",
                "hack",
                "markdown"
            ],
            "support": {
                "issues": "https://github.com/hhvm/fbmarkdown/issues",
                "source": "https://github.com/hhvm/fbmarkdown/tree/v1.6.5"
            },
            "time": "2020-12-21T22:50:34+00:00"
        },
        {
            "name": "facebook/hack-codegen",
            "version": "v4.5.0",
            "source": {
                "type": "git",
                "url": "https://github.com/hhvm/hack-codegen.git",
                "reference": "86b17508e18e9b98b663ac6b9a3e6c4228eb0185"
            },
            "dist": {
                "type": "zip",
                "url": "https://api.github.com/repos/hhvm/hack-codegen/zipball/86b17508e18e9b98b663ac6b9a3e6c4228eb0185",
                "reference": "86b17508e18e9b98b663ac6b9a3e6c4228eb0185",
                "shasum": ""
            },
            "require": {
                "hhvm": "^4.93",
                "hhvm/hhvm-autoload": "^2.0|^3.0",
                "hhvm/hsl": "^4.0"
            },
            "require-dev": {
                "facebook/difflib": "^1.0",
                "facebook/fbexpect": "^2.6.1",
                "hhvm/hacktest": "^2.0",
                "hhvm/hhast": "^4.80",
                "hhvm/hsl-experimental": "^4.53",
                "hhvm/type-assert": "^3.1|^4.0"
            },
            "bin": [
                "bin/hh-codegen-verify-signatures",
                "bin/hh-codegen-verify-signatures.hack"
            ],
            "type": "library",
            "notification-url": "https://packagist.org/downloads/",
            "authors": [
                {
                    "name": "Fred Emmott",
                    "role": "Developer"
                },
                {
                    "name": "Drew Hoskins",
                    "role": "Developer"
                },
                {
                    "name": "Gaurav Kumar",
                    "role": "Developer"
                },
                {
                    "name": "Alejandro Marcu",
                    "role": "Developer"
                },
                {
                    "name": "Matthieu Martin",
                    "role": "Developer"
                }
            ],
            "description": "Hack Codegen is a library for programmatically generating Hack code",
            "keywords": [
                "code generation",
                "hack"
            ],
            "support": {
                "issues": "https://github.com/hhvm/hack-codegen/issues",
                "source": "https://github.com/hhvm/hack-codegen/tree/v4.5.0"
            },
            "time": "2021-12-14T17:32:37+00:00"
        },
        {
            "name": "facebook/hack-http-request-response-interfaces",
            "version": "v0.3",
            "source": {
                "type": "git",
                "url": "https://github.com/hhvm/hack-http-request-response-interfaces.git",
                "reference": "29f976830af6b2fdb716037ee1fd10bb2e57c6cd"
            },
            "dist": {
                "type": "zip",
                "url": "https://api.github.com/repos/hhvm/hack-http-request-response-interfaces/zipball/29f976830af6b2fdb716037ee1fd10bb2e57c6cd",
                "reference": "29f976830af6b2fdb716037ee1fd10bb2e57c6cd",
                "shasum": ""
            },
            "require": {
                "hhvm/hsl-experimental": "^4.50"
            },
            "require-dev": {
                "hhvm/hhast": "^4.0"
            },
            "type": "library",
            "notification-url": "https://packagist.org/downloads/",
            "description": "Common interface for HTTP messages",
            "homepage": "https://github.com/facebookexperimental/hack-http-request-response-interfaces",
            "support": {
                "issues": "https://github.com/hhvm/hack-http-request-response-interfaces/issues",
                "source": "https://github.com/hhvm/hack-http-request-response-interfaces/tree/master"
            },
            "time": "2020-03-30T21:06:56+00:00"
        },
        {
            "name": "facebook/hack-router",
            "version": "v0.19.9",
            "source": {
                "type": "git",
                "url": "https://github.com/hhvm/hack-router.git",
                "reference": "7d6c10190a89746eb39d8ae8ce9a142edd1eef73"
            },
            "dist": {
                "type": "zip",
                "url": "https://api.github.com/repos/hhvm/hack-router/zipball/7d6c10190a89746eb39d8ae8ce9a142edd1eef73",
                "reference": "7d6c10190a89746eb39d8ae8ce9a142edd1eef73",
                "shasum": ""
            },
            "require": {
                "facebook/hack-http-request-response-interfaces": "^0.2|^0.3",
                "hhvm": "^4.25",
                "hhvm/hsl": "^4.0"
            },
            "require-dev": {
                "facebook/fbexpect": "^2.0",
                "hhvm/hacktest": "^2.0",
                "hhvm/hhast": "^4.0",
                "hhvm/hhvm-autoload": "^2.0.8|^3.0",
                "usox/hackttp": "^0.5"
            },
            "type": "library",
            "extra": {
                "branch-alias": {
                    "dev-master": "1.x-dev",
                    "dev-main": "1.x-dev"
                }
            },
            "notification-url": "https://packagist.org/downloads/",
            "license": [
                "MIT"
            ],
            "description": "URI routing for Hack",
            "homepage": "https://github.com/hhvm/hack-router",
            "keywords": [
                "hack",
                "hhvm",
                "router",
                "routing"
            ],
            "support": {
                "issues": "https://github.com/hhvm/hack-router/issues",
                "source": "https://github.com/hhvm/hack-router/tree/v0.19.9"
            },
            "time": "2021-11-18T21:02:38+00:00"
        },
        {
            "name": "facebook/hack-router-codegen",
            "version": "v0.18.0",
            "source": {
                "type": "git",
                "url": "https://github.com/hhvm/hack-router-codegen.git",
                "reference": "1bab745d158f14535fc73ad801f4b135f07c2af7"
            },
            "dist": {
                "type": "zip",
                "url": "https://api.github.com/repos/hhvm/hack-router-codegen/zipball/1bab745d158f14535fc73ad801f4b135f07c2af7",
                "reference": "1bab745d158f14535fc73ad801f4b135f07c2af7",
                "shasum": ""
            },
            "require": {
                "facebook/definition-finder": "^2.7",
                "facebook/hack-codegen": "^4.5.0",
                "facebook/hack-http-request-response-interfaces": "^0.2|^0.3",
                "facebook/hack-router": "^0.19",
                "hhvm": "^4.93",
                "hhvm/type-assert": "^3.0|^4.0"
            },
            "require-dev": {
                "facebook/fbexpect": "^2.6.1",
                "hhvm/hacktest": "^2.0",
                "hhvm/hhast": "^4.6",
                "hhvm/hhvm-autoload": "^2.0|^3.0",
                "usox/hackttp": "^0.5"
            },
            "type": "library",
            "extra": {
                "branch-alias": {
                    "dev-master": "1.x-dev",
                    "dev-main": "1.x-dev"
                }
            },
            "autoload": {
                "classmap": [
                    "src/"
                ]
            },
            "notification-url": "https://packagist.org/downloads/",
            "description": "URI routing for Hack with codegen",
            "homepage": "https://github.com/hhvm/hack-router-codegen",
            "keywords": [
                "hack",
                "hhvm",
                "router",
                "routing"
            ],
            "support": {
                "issues": "https://github.com/hhvm/hack-router-codegen/issues",
                "source": "https://github.com/hhvm/hack-router-codegen/tree/v0.18.0"
            },
            "time": "2021-12-14T17:39:51+00:00"
        },
        {
            "name": "facebook/hh-apidoc",
            "version": "v0.8.0",
            "source": {
                "type": "git",
                "url": "https://github.com/hhvm/hh-apidoc.git",
                "reference": "217c451d3079179c6ecaa787de896f74011fd93f"
            },
            "dist": {
                "type": "zip",
                "url": "https://api.github.com/repos/hhvm/hh-apidoc/zipball/217c451d3079179c6ecaa787de896f74011fd93f",
                "reference": "217c451d3079179c6ecaa787de896f74011fd93f",
                "shasum": ""
            },
            "require": {
                "facebook/definition-finder": "^2.13.0",
                "facebook/fbmarkdown": "^1.6.5",
                "facebook/hh-clilib": "^2.1.0",
                "hhvm": "^4.102",
                "hhvm/hhast": "^4.80",
                "hhvm/hsl": "^4.0",
                "hhvm/hsl-experimental": "^4.53",
                "hhvm/hsl-io": "^0.2.1|^0.3"
            },
            "require-dev": {
                "hhvm/hhvm-autoload": "^2.0|^3.0"
            },
            "bin": [
                "bin/hh-apidoc",
                "bin/hh-apidoc.hack"
            ],
            "type": "library",
            "notification-url": "https://packagist.org/downloads/",
            "license": [
                "MIT"
            ],
            "support": {
                "issues": "https://github.com/hhvm/hh-apidoc/issues",
                "source": "https://github.com/hhvm/hh-apidoc/tree/v0.8.0"
            },
            "time": "2022-01-10T18:47:38+00:00"
        },
        {
            "name": "facebook/hh-clilib",
            "version": "v2.6.0",
            "source": {
                "type": "git",
                "url": "https://github.com/hhvm/hh-clilib.git",
                "reference": "a275f2fe7e5c1144c09793fcb2a8f57533f2eb68"
            },
            "dist": {
                "type": "zip",
                "url": "https://api.github.com/repos/hhvm/hh-clilib/zipball/a275f2fe7e5c1144c09793fcb2a8f57533f2eb68",
                "reference": "a275f2fe7e5c1144c09793fcb2a8f57533f2eb68",
                "shasum": ""
            },
            "require": {
                "hhvm": "^4.76",
                "hhvm/hsl": "^4.0",
                "hhvm/hsl-experimental": "^4.58.0rc1",
                "hhvm/hsl-io": "^0.3.0",
                "hhvm/type-assert": "^4.0"
            },
            "require-dev": {
                "facebook/fbexpect": "^2.6.1",
                "hhvm/hacktest": "^2.2.0rc1",
                "hhvm/hhvm-autoload": "^3.1.0"
            },
            "type": "library",
            "extra": {
                "branch-alias": {
                    "dev-master": "2.x-dev"
                }
            },
            "notification-url": "https://packagist.org/downloads/",
            "license": [
                "MIT"
            ],
            "support": {
                "issues": "https://github.com/hhvm/hh-clilib/issues",
                "source": "https://github.com/hhvm/hh-clilib/tree/v2.6.0"
            },
            "time": "2020-12-14T21:29:15+00:00"
        },
        {
            "name": "facebook/xhp-lib",
            "version": "v4.1.1",
            "source": {
                "type": "git",
                "url": "https://github.com/hhvm/xhp-lib.git",
                "reference": "d6893af6ae916dbf5e657cfc10d6d9b44bed7678"
            },
            "dist": {
                "type": "zip",
                "url": "https://api.github.com/repos/hhvm/xhp-lib/zipball/d6893af6ae916dbf5e657cfc10d6d9b44bed7678",
                "reference": "d6893af6ae916dbf5e657cfc10d6d9b44bed7678",
                "shasum": ""
            },
            "require": {
                "hhvm": "^4.102",
                "hhvm/hsl": "^4.36.0"
            },
            "require-dev": {
                "facebook/fbexpect": "^2.0.0",
                "hhvm/hacktest": "^2.0",
                "hhvm/hhast": "^4.0",
                "hhvm/hhvm-autoload": "^2.0|^3.0"
            },
            "type": "library",
            "extra": {
                "branch-alias": {
                    "dev-master": "4.x-dev",
                    "dev-main": "4.x-dev"
                }
            },
            "notification-url": "https://packagist.org/downloads/",
            "license": [
                "MIT"
            ],
            "description": "Class library for XHP",
            "homepage": "https://github.com/facebook/xhp-lib",
            "keywords": [
                "facebook",
                "hack",
                "hhvm",
                "xhp"
            ],
            "support": {
                "issues": "https://github.com/hhvm/xhp-lib/issues",
                "source": "https://github.com/hhvm/xhp-lib/tree/v4.1.1"
            },
            "time": "2021-11-18T18:56:01+00:00"
        },
        {
            "name": "hhvm/hhast",
            "version": "v4.139.3",
            "source": {
                "type": "git",
                "url": "https://github.com/hhvm/hhast.git",
                "reference": "259bdaf273c493c52b459e329c0835868e988b83"
            },
            "dist": {
                "type": "zip",
                "url": "https://api.github.com/repos/hhvm/hhast/zipball/259bdaf273c493c52b459e329c0835868e988b83",
                "reference": "259bdaf273c493c52b459e329c0835868e988b83",
                "shasum": ""
            },
            "require": {
                "facebook/difflib": "^1.0.0",
                "facebook/hh-clilib": "^2.5.0rc1",
                "hhvm": "^4.126",
                "hhvm/hhvm-autoload": "^2.0.4|^3.0",
                "hhvm/hsl": "^4.25",
                "hhvm/hsl-experimental": "^4.58.0rc1",
                "hhvm/hsl-io": "^0.2.0|0.3.0",
                "hhvm/type-assert": "^4.2.2"
            },
            "require-dev": {
                "facebook/fbexpect": "^2.8.1",
                "facebook/hack-codegen": "^4.0",
                "hhvm/hacktest": "^2.3.0"
            },
            "bin": [
                "bin/hhast-lint",
                "bin/hhast-lint.hack",
                "bin/hhast-migrate",
                "bin/hhast-migrate.hack"
            ],
            "type": "library",
            "extra": {
                "branch-alias": {
                    "dev-master": "4.x-dev",
                    "dev-main": "4.x-dev"
                }
            },
            "notification-url": "https://packagist.org/downloads/",
            "license": [
                "MIT"
            ],
            "description": "A mutable AST library for Hack with linting and code migrations",
            "support": {
                "issues": "https://github.com/hhvm/hhast/issues",
                "source": "https://github.com/hhvm/hhast/tree/v4.139.3"
            },
            "time": "2022-01-26T17:38:14+00:00"
        },
        {
            "name": "hhvm/hhvm-autoload",
            "version": "v3.3.1",
            "source": {
                "type": "git",
                "url": "https://github.com/hhvm/hhvm-autoload.git",
                "reference": "4dd560e1a161597ea80aeb9a0e644bf79426a22c"
            },
            "dist": {
                "type": "zip",
                "url": "https://api.github.com/repos/hhvm/hhvm-autoload/zipball/4dd560e1a161597ea80aeb9a0e644bf79426a22c",
                "reference": "4dd560e1a161597ea80aeb9a0e644bf79426a22c",
                "shasum": ""
            },
            "require": {
                "composer-plugin-api": "^1.0|^2.0",
                "hhvm": "^4.109",
                "hhvm/hsl": "^4.0"
            },
            "replace": {
                "facebook/hhvm-autoload": "1.*"
            },
            "require-dev": {
                "facebook/fbexpect": "^2.1",
                "hhvm/hacktest": "^2.0"
            },
            "bin": [
                "bin/hh-autoload",
                "bin/hh-autoload.hack"
            ],
            "type": "composer-plugin",
            "extra": {
                "class": [
                    "Facebook\\AutoloadMap\\ComposerPlugin"
                ],
                "branch-alias": {
                    "dev-master": "3.x-dev",
                    "dev-main": "3.x-dev",
                    "dev-CI_current_pull_request": "3.x-dev"
                }
            },
            "autoload": {
                "classmap": [
                    "ComposerPlugin.php"
                ]
            },
            "notification-url": "https://packagist.org/downloads/",
            "license": [
                "MIT"
            ],
            "support": {
                "issues": "https://github.com/hhvm/hhvm-autoload/issues",
                "source": "https://github.com/hhvm/hhvm-autoload/tree/v3.3.1"
            },
            "time": "2022-01-05T17:52:54+00:00"
        },
        {
            "name": "hhvm/hsl",
            "version": "v4.108.1",
            "source": {
                "type": "git",
                "url": "https://github.com/hhvm/hsl.git",
                "reference": "3b4375e6adf63ac9171721b031b662dd3524c5bb"
            },
            "dist": {
                "type": "zip",
                "url": "https://api.github.com/repos/hhvm/hsl/zipball/3b4375e6adf63ac9171721b031b662dd3524c5bb",
                "reference": "3b4375e6adf63ac9171721b031b662dd3524c5bb",
                "shasum": ""
            },
            "require": {
                "hhvm": "^4.108"
            },
            "require-dev": {
                "facebook/fbexpect": "^2.5.1",
                "hhvm/hacktest": "^1.0|^2.0",
                "hhvm/hhvm-autoload": "^2.0|^3.0",
                "hhvm/hsl-experimental": "^4.37|dev-master"
            },
            "type": "library",
            "extra": {
                "branch-alias": {
                    "dev-master": "4.x-dev",
                    "dev-CI_current_pull_request": "4.x-dev"
                }
            },
            "notification-url": "https://packagist.org/downloads/",
            "license": [
                "MIT"
            ],
            "description": "The Hack Standard Library",
            "support": {
                "issues": "https://github.com/hhvm/hsl/issues",
                "source": "https://github.com/hhvm/hsl/tree/v4.108.1"
            },
            "time": "2021-05-04T14:32:06+00:00"
        },
        {
            "name": "hhvm/hsl-experimental",
            "version": "v4.108.0",
            "source": {
                "type": "git",
                "url": "https://github.com/hhvm/hsl-experimental.git",
                "reference": "c145eda4344a3668119fde743e9d224bae7efe98"
            },
            "dist": {
                "type": "zip",
                "url": "https://api.github.com/repos/hhvm/hsl-experimental/zipball/c145eda4344a3668119fde743e9d224bae7efe98",
                "reference": "c145eda4344a3668119fde743e9d224bae7efe98",
                "shasum": ""
            },
            "require": {
                "hhvm": "^4.108",
                "hhvm/hsl": "^4.15"
            },
            "provide": {
                "hhvm/hsl-io": "0.3.0"
            },
            "require-dev": {
                "facebook/fbexpect": "^2.7.0",
                "hhvm/hacktest": "^2.0",
                "hhvm/hhvm-autoload": "^2.0|^3.0"
            },
            "type": "library",
            "extra": {
                "branch-alias": {
                    "dev-master": "4.x-dev"
                }
            },
            "notification-url": "https://packagist.org/downloads/",
            "license": [
                "MIT"
            ],
            "description": "The Hack Standard Library - Experimental Additions",
            "support": {
                "issues": "https://github.com/hhvm/hsl-experimental/issues",
                "source": "https://github.com/hhvm/hsl-experimental/tree/v4.108.0"
            },
            "time": "2021-05-04T18:41:22+00:00"
        },
        {
            "name": "hhvm/type-assert",
            "version": "v4.2.2",
            "source": {
                "type": "git",
                "url": "https://github.com/hhvm/type-assert.git",
                "reference": "7106e783dc43724efa5d4147456025a2316480f0"
            },
            "dist": {
                "type": "zip",
                "url": "https://api.github.com/repos/hhvm/type-assert/zipball/7106e783dc43724efa5d4147456025a2316480f0",
                "reference": "7106e783dc43724efa5d4147456025a2316480f0",
                "shasum": ""
            },
            "require": {
                "hhvm": "^4.115",
                "hhvm/hsl": "^4.0"
            },
            "require-dev": {
                "facebook/fbexpect": "^2.0.0",
                "hhvm/hacktest": "^2.0",
                "hhvm/hhast": "^4.0",
                "hhvm/hhvm-autoload": "^2.0|^3.0"
            },
            "type": "library",
            "extra": {
                "branch-alias": {
                    "dev-master": "4.x-dev"
                }
            },
            "notification-url": "https://packagist.org/downloads/",
            "license": [
                "MIT"
            ],
            "description": "Convert untyped data to typed data",
            "keywords": [
                "TypeAssert",
                "hack"
            ],
            "support": {
                "issues": "https://github.com/hhvm/type-assert/issues",
                "source": "https://github.com/hhvm/type-assert/tree/v4.2.2"
            },
            "time": "2021-09-13T15:44:05+00:00"
        },
        {
            "name": "usox/hack-http-factory-interfaces",
            "version": "v0.2.2",
            "source": {
                "type": "git",
                "url": "https://github.com/usox/hack-http-factory-interfaces.git",
                "reference": "412fdeb8d85c83bef558223bf5ed25e5e7e37692"
            },
            "dist": {
                "type": "zip",
                "url": "https://api.github.com/repos/usox/hack-http-factory-interfaces/zipball/412fdeb8d85c83bef558223bf5ed25e5e7e37692",
                "reference": "412fdeb8d85c83bef558223bf5ed25e5e7e37692",
                "shasum": ""
            },
            "require": {
                "facebook/hack-http-request-response-interfaces": "^0.2|^0.3",
                "hhvm": "^4.0"
            },
            "type": "library",
            "autoload": {
                "psr-4": {
                    "Usox\\HackHttpFactory\\": "src/"
                }
            },
            "notification-url": "https://packagist.org/downloads/",
            "license": [
                "MIT"
            ],
            "authors": [
                {
                    "name": "Daniel Jakob",
                    "email": "dev@usox.org"
                }
            ],
            "description": "PSR-17 like http factory interfaces",
            "homepage": "https://github.com/usox/hack-http-factory-interfaces",
            "keywords": [
                "factory",
                "hack",
                "hhvm",
                "http"
            ],
            "support": {
                "issues": "https://github.com/usox/hack-http-factory-interfaces/issues",
                "source": "https://github.com/usox/hack-http-factory-interfaces/tree/master"
            },
            "time": "2020-04-08T16:17:10+00:00"
        },
        {
            "name": "usox/hackttp",
            "version": "v0.5.4",
            "source": {
                "type": "git",
                "url": "https://github.com/usox/hackttp.git",
                "reference": "a5ba0a2c4dc31f06b4907026b3bc0bd208a07a24"
            },
            "dist": {
                "type": "zip",
                "url": "https://api.github.com/repos/usox/hackttp/zipball/a5ba0a2c4dc31f06b4907026b3bc0bd208a07a24",
                "reference": "a5ba0a2c4dc31f06b4907026b3bc0bd208a07a24",
                "shasum": ""
            },
            "require": {
                "facebook/hack-http-request-response-interfaces": "^0.3",
                "hhvm": "^4.93",
                "hhvm/hsl": "^4.25",
                "hhvm/hsl-experimental": "^4.58",
                "hhvm/hsl-io": "^0.3.0",
                "hhvm/type-assert": "^3.3|^4.0",
                "usox/hack-http-factory-interfaces": "^0.2"
            },
            "require-dev": {
                "hhvm/hacktest": "^1.4|^2.0",
                "hhvm/hhast": "^4.1",
                "usox/hackmock": "^1.3"
            },
            "type": "library",
            "autoload": {
                "psr-4": {
                    "Usox\\HackTTP\\": "src/"
                }
            },
            "notification-url": "https://packagist.org/downloads/",
            "license": [
                "MIT"
            ],
            "authors": [
                {
                    "name": "Daniel Jakob",
                    "email": "dev@usox.org",
                    "role": "Developer"
                }
            ],
            "description": "Work in progress demo implementation of facebookexperimental/hack-http-request-response-interfaces",
            "homepage": "https://github.com/usox/hackttp",
            "keywords": [
                "hack",
                "hacklang",
                "hhvm",
                "http",
                "message",
                "request",
                "response",
                "stream"
            ],
            "support": {
                "issues": "https://github.com/usox/hackttp/issues",
                "source": "https://github.com/usox/hackttp/tree/v0.5.4"
            },
            "time": "2021-04-12T06:06:05+00:00"
        }
    ],
    "packages-dev": [
        {
            "name": "facebook/fbexpect",
            "version": "v2.8.1",
            "source": {
                "type": "git",
                "url": "https://github.com/hhvm/fbexpect.git",
                "reference": "c1fb447cf539353761830c01c317e3e14cf72968"
            },
            "dist": {
                "type": "zip",
                "url": "https://api.github.com/repos/hhvm/fbexpect/zipball/c1fb447cf539353761830c01c317e3e14cf72968",
                "reference": "c1fb447cf539353761830c01c317e3e14cf72968",
                "shasum": ""
            },
            "require": {
                "facebook/difflib": "^1.3.0",
                "hhvm": "^4.56",
                "hhvm/hacktest": "^1.0|^2.0",
                "hhvm/hsl": "^4.0"
            },
            "require-dev": {
                "hhvm/hhast": "^4.0",
                "hhvm/hhvm-autoload": "^2.0|^3.0"
            },
            "type": "library",
            "notification-url": "https://packagist.org/downloads/",
            "license": [
                "MIT"
            ],
            "description": "Unit test helpers for Facebook projects",
            "support": {
                "issues": "https://github.com/hhvm/fbexpect/issues",
                "source": "https://github.com/hhvm/fbexpect/tree/v2.8.1"
            },
            "time": "2021-11-17T21:48:29+00:00"
        },
        {
            "name": "hhvm/hacktest",
            "version": "v2.3.0",
            "source": {
                "type": "git",
                "url": "https://github.com/hhvm/hacktest.git",
                "reference": "c8dd77a8ff011836013d15c2c1718eae0b23efe6"
            },
            "dist": {
                "type": "zip",
                "url": "https://api.github.com/repos/hhvm/hacktest/zipball/c8dd77a8ff011836013d15c2c1718eae0b23efe6",
                "reference": "c8dd77a8ff011836013d15c2c1718eae0b23efe6",
                "shasum": ""
            },
            "require": {
                "facebook/hh-clilib": "^2.5.0rc1",
                "hhvm": "^4.60",
                "hhvm/hhvm-autoload": "^2.0.2|^3.0",
                "hhvm/hsl-experimental": "^4.58.0rc1",
                "hhvm/hsl-io": "^0.2.0|^0.3.0",
                "hhvm/type-assert": "^3.0|^4.0"
            },
            "require-dev": {
                "facebook/fbexpect": "^2.8.1",
                "hhvm/hhast": "^4.0"
            },
            "bin": [
                "bin/hacktest",
                "bin/hacktest.hack"
            ],
            "type": "library",
            "extra": {
                "branch-alias": {
                    "dev-master": "2.x-dev",
                    "dev-main": "2.x-dev",
                    "dev-CI_current_pull_request": "2.x-dev"
                }
            },
            "notification-url": "https://packagist.org/downloads/",
            "license": [
                "MIT"
            ],
            "description": "The Hack Test Library",
            "support": {
                "issues": "https://github.com/hhvm/hacktest/issues",
                "source": "https://github.com/hhvm/hacktest/tree/v2.3.0"
            },
            "time": "2021-11-17T21:55:40+00:00"
        }
    ],
    "aliases": [],
    "minimum-stability": "stable",
    "stability-flags": [],
    "prefer-stable": false,
    "prefer-lowest": false,
    "platform": {
        "hhvm": "4.147.*"
    },
    "platform-dev": [],
    "plugin-api-version": "2.2.0"
}
